{
  "name": "reactcresume",
  "version": "0.1.0",
  "lockfileVersion": 1,
  "requires": true,
  "dependencies": {
    "marked": {
      "version": "0.3.6",
      "resolved": "https://registry.npmjs.org/marked/-/marked-0.3.6.tgz",
      "integrity": "sha1-ssbGGPzOzk74bE/Gy4p8v1rtqNc="
    },
    "react": {
      "version": "15.6.1",
      "resolved": "http://registry.npm.taobao.org/react/download/react-15.6.1.tgz",
      "integrity": "sha1-uqhDTsZ4C96ZfNw4C3nNM7ljk98="
    },
    "react-dom": {
      "version": "15.6.1",
      "resolved": "http://registry.npm.taobao.org/react-dom/download/react-dom-15.6.1.tgz",
      "integrity": "sha1-LLDtQZEDjlPCCes6eaI+Kkz5lHA="
    },
    "react-prism": {
      "version": "4.3.0",
      "resolved": "http://registry.npm.taobao.org/react-prism/download/react-prism-4.3.0.tgz",
      "integrity": "sha1-Pab+5Xuj4Kfz3nTrQYec+8pVN4c="
    },
    "react-scripts": {
      "version": "1.0.13",
      "resolved": "http://registry.npm.taobao.org/react-scripts/download/react-scripts-1.0.13.tgz",
      "integrity": "sha1-pR13WksZWrJlPFYrc1c1yPcMug4=",
      "dependencies": {
        "promise": {
          "version": "8.0.1",
          "resolved": "http://registry.npm.taobao.org/promise/download/promise-8.0.1.tgz",
          "integrity": "sha1-5F1osAoXZHttpxG/he1u1HII9FA="
        }
      }
    }
  }
}
